
Microsoft Visual Studio Solution File, Format Version 12.00
# Visual Studio Version 16
VisualStudioVersion = 16.0.30611.23
MinimumVisualStudioVersion = 10.0.40219.1
Project("{FAE04EC0-301F-11D3-BF4B-00C04F79EFBC}") = "LovtsovPrakt9", "LovtsovPrakt9\LovtsovPrakt9.csproj", "{842402E0-38C1-48FE-A3F6-E257ADD9A9B7}"
EndProject
Global
	GlobalSection(SolutionConfigurationPlatforms) = preSolution
		Debug|Any CPU = Debug|Any CPU
		Release|Any CPU = Release|Any CPU
	EndGlobalSection
	GlobalSection(ProjectConfigurationPlatforms) = postSolution
		{842402E0-38C1-48FE-A3F6-E257ADD9A9B7}.Debug|Any CPU.ActiveCfg = Debug|Any CPU
		{842402E0-38C1-48FE-A3F6-E257ADD9A9B7}.Debug|Any CPU.Build.0 = Debug|Any CPU
		{842402E0-38C1-48FE-A3F6-E257ADD9A9B7}.Release|Any CPU.ActiveCfg = Release|Any CPU
		{842402E0-38C1-48FE-A3F6-E257ADD9A9B7}.Release|Any CPU.Build.0 = Release|Any CPU
	EndGlobalSection
	GlobalSection(SolutionProperties) = preSolution
		HideSolutionNode = FALSE
	EndGlobalSection
	GlobalSection(ExtensibilityGlobals) = postSolution
		SolutionGuid = {162D6983-B46C-4BA7-8712-E6568EA9D9EA}
	EndGlobalSection
EndGlobal
