
Microsoft Visual Studio Solution File, Format Version 12.00
# Visual Studio Version 16
VisualStudioVersion = 16.0.29613.14
MinimumVisualStudioVersion = 10.0.40219.1
Project("{FAE04EC0-301F-11D3-BF4B-00C04F79EFBC}") = "PraktLovtsovDolgodusheva1", "PraktLovtsovDolgodusheva1\PraktLovtsovDolgodusheva1.csproj", "{AD0CAFC5-317F-4EC3-8F86-D1B5F2FDDC32}"
EndProject
Global
	GlobalSection(SolutionConfigurationPlatforms) = preSolution
		Debug|Any CPU = Debug|Any CPU
		Release|Any CPU = Release|Any CPU
	EndGlobalSection
	GlobalSection(ProjectConfigurationPlatforms) = postSolution
		{AD0CAFC5-317F-4EC3-8F86-D1B5F2FDDC32}.Debug|Any CPU.ActiveCfg = Debug|Any CPU
		{AD0CAFC5-317F-4EC3-8F86-D1B5F2FDDC32}.Debug|Any CPU.Build.0 = Debug|Any CPU
		{AD0CAFC5-317F-4EC3-8F86-D1B5F2FDDC32}.Release|Any CPU.ActiveCfg = Release|Any CPU
		{AD0CAFC5-317F-4EC3-8F86-D1B5F2FDDC32}.Release|Any CPU.Build.0 = Release|Any CPU
	EndGlobalSection
	GlobalSection(SolutionProperties) = preSolution
		HideSolutionNode = FALSE
	EndGlobalSection
	GlobalSection(ExtensibilityGlobals) = postSolution
		SolutionGuid = {09FAE127-402C-4795-B6E5-D4F5EBADBBD6}
	EndGlobalSection
EndGlobal
