
Microsoft Visual Studio Solution File, Format Version 12.00
# Visual Studio Version 16
VisualStudioVersion = 16.0.30611.23
MinimumVisualStudioVersion = 10.0.40219.1
Project("{FAE04EC0-301F-11D3-BF4B-00C04F79EFBC}") = "LovtsovPrakt4", "LovtsovPrakt4\LovtsovPrakt4.csproj", "{F136A441-58EC-42B7-98B2-71FB2B86DB0A}"
EndProject
Global
	GlobalSection(SolutionConfigurationPlatforms) = preSolution
		Debug|Any CPU = Debug|Any CPU
		Release|Any CPU = Release|Any CPU
	EndGlobalSection
	GlobalSection(ProjectConfigurationPlatforms) = postSolution
		{F136A441-58EC-42B7-98B2-71FB2B86DB0A}.Debug|Any CPU.ActiveCfg = Debug|Any CPU
		{F136A441-58EC-42B7-98B2-71FB2B86DB0A}.Debug|Any CPU.Build.0 = Debug|Any CPU
		{F136A441-58EC-42B7-98B2-71FB2B86DB0A}.Release|Any CPU.ActiveCfg = Release|Any CPU
		{F136A441-58EC-42B7-98B2-71FB2B86DB0A}.Release|Any CPU.Build.0 = Release|Any CPU
	EndGlobalSection
	GlobalSection(SolutionProperties) = preSolution
		HideSolutionNode = FALSE
	EndGlobalSection
	GlobalSection(ExtensibilityGlobals) = postSolution
		SolutionGuid = {6596FD1D-B977-4C17-B787-059434F7957F}
	EndGlobalSection
EndGlobal
